// !$*UTF8*$!
{
	archiveVersion = 1;
	classes = {
	};
	objectVersion = 50;
	objects = {

/* Begin PBXBuildFile section */
		4D68B2BC22D2F34500033869 /* DartBoard.sks in Resources */ = {isa = PBXBuildFile; fileRef = 4D68B2BB22D2F34500033869 /* DartBoard.sks */; };
		4D68B2BF22D2F43100033869 /* SpriteKitViewController.swift in Sources */ = {isa = PBXBuildFile; fileRef = 4D68B2BE22D2F43100033869 /* SpriteKitViewController.swift */; };
		4DB73F1422D14C85009C1FE1 /* SetupFunctions_Ext.swift in Sources */ = {isa = PBXBuildFile; fileRef = 4DB73F1322D14C85009C1FE1 /* SetupFunctions_Ext.swift */; };
		4DD18D3122C1923E0019D911 /* AppDelegate.swift in Sources */ = {isa = PBXBuildFile; fileRef = 4DD18D3022C1923E0019D911 /* AppDelegate.swift */; };
		4DD18D3322C1923E0019D911 /* ViewController.swift in Sources */ = {isa = PBXBuildFile; fileRef = 4DD18D3222C1923E0019D911 /* ViewController.swift */; };
		4DD18D3622C1923E0019D911 /* Main.storyboard in Resources */ = {isa = PBXBuildFile; fileRef = 4DD18D3422C1923E0019D911 /* Main.storyboard */; };
		4DD18D3822C192410019D911 /* Assets.xcassets in Resources */ = {isa = PBXBuildFile; fileRef = 4DD18D3722C192410019D911 /* Assets.xcassets */; };
		4DD18D3B22C192410019D911 /* LaunchScreen.storyboard in Resources */ = {isa = PBXBuildFile; fileRef = 4DD18D3922C192410019D911 /* LaunchScreen.storyboard */; };
/* End PBXBuildFile section */

/* Begin PBXFileReference section */
		4D68B2BB22D2F34500033869 /* DartBoard.sks */ = {isa = PBXFileReference; lastKnownFileType = file.sks; path = DartBoard.sks; sourceTree = "<group>"; };
		4D68B2BE22D2F43100033869 /* SpriteKitViewController.swift */ = {isa = PBXFileReference; lastKnownFileType = sourcecode.swift; path = SpriteKitViewController.swift; sourceTree = "<group>"; };
		4DB73F1322D14C85009C1FE1 /* SetupFunctions_Ext.swift */ = {isa = PBXFileReference; fileEncoding = 4; lastKnownFileType = sourcecode.swift; path = SetupFunctions_Ext.swift; sourceTree = "<group>"; };
		4DD18D2D22C1923E0019D911 /* Darts Checkout Calculator.app */ = {isa = PBXFileReference; explicitFileType = wrapper.application; includeInIndex = 0; path = "Darts Checkout Calculator.app"; sourceTree = BUILT_PRODUCTS_DIR; };
		4DD18D3022C1923E0019D911 /* AppDelegate.swift */ = {isa = PBXFileReference; lastKnownFileType = sourcecode.swift; path = AppDelegate.swift; sourceTree = "<group>"; };
		4DD18D3222C1923E0019D911 /* ViewController.swift */ = {isa = PBXFileReference; lastKnownFileType = sourcecode.swift; path = ViewController.swift; sourceTree = "<group>"; };
		4DD18D3522C1923E0019D911 /* Base */ = {isa = PBXFileReference; lastKnownFileType = file.storyboard; name = Base; path = Base.lproj/Main.storyboard; sourceTree = "<group>"; };
		4DD18D3722C192410019D911 /* Assets.xcassets */ = {isa = PBXFileReference; lastKnownFileType = folder.assetcatalog; path = Assets.xcassets; sourceTree = "<group>"; };
		4DD18D3A22C192410019D911 /* Base */ = {isa = PBXFileReference; lastKnownFileType = file.storyboard; name = Base; path = Base.lproj/LaunchScreen.storyboard; sourceTree = "<group>"; };
		4DD18D3C22C192410019D911 /* Info.plist */ = {isa = PBXFileReference; lastKnownFileType = text.plist.xml; path = Info.plist; sourceTree = "<group>"; };
/* End PBXFileReference section */

/* Begin PBXFrameworksBuildPhase section */
		4DD18D2A22C1923E0019D911 /* Frameworks */ = {
			isa = PBXFrameworksBuildPhase;
			buildActionMask = 2147483647;
			files = (
			);
			runOnlyForDeploymentPostprocessing = 0;
		};
/* End PBXFrameworksBuildPhase section */

/* Begin PBXGroup section */
		4D68B2BD22D2F37C00033869 /* SKS Files */ = {
			isa = PBXGroup;
			children = (
				4D68B2BB22D2F34500033869 /* DartBoard.sks */,
			);
			path = "SKS Files";
			sourceTree = "<group>";
		};
		4DD18D2422C1923E0019D911 = {
			isa = PBXGroup;
			children = (
				4DD18D2F22C1923E0019D911 /* Darts Checkout Calculator */,
				4DD18D2E22C1923E0019D911 /* Products */,
			);
			sourceTree = "<group>";
		};
		4DD18D2E22C1923E0019D911 /* Products */ = {
			isa = PBXGroup;
			children = (
				4DD18D2D22C1923E0019D911 /* Darts Checkout Calculator.app */,
			);
			name = Products;
			sourceTree = "<group>";
		};
		4DD18D2F22C1923E0019D911 /* Darts Checkout Calculator */ = {
			isa = PBXGroup;
			children = (
				4DD18D3022C1923E0019D911 /* AppDelegate.swift */,
				4DD18D3222C1923E0019D911 /* ViewController.swift */,
				4DD18D3422C1923E0019D911 /* Main.storyboard */,
				4DD18D3722C192410019D911 /* Assets.xcassets */,
				4DD18D3922C192410019D911 /* LaunchScreen.storyboard */,
				4DD18D3C22C192410019D911 /* Info.plist */,
				4DB73F1322D14C85009C1FE1 /* SetupFunctions_Ext.swift */,
				4D68B2BE22D2F43100033869 /* SpriteKitViewController.swift */,
				4D68B2BD22D2F37C00033869 /* SKS Files */,
			);
			path = "Darts Checkout Calculator";
			sourceTree = "<group>";
		};
/* End PBXGroup section */

/* Begin PBXNativeTarget section */
		4DD18D2C22C1923E0019D911 /* Darts Checkout Calculator */ = {
			isa = PBXNativeTarget;
			buildConfigurationList = 4DD18D3F22C192410019D911 /* Build configuration list for PBXNativeTarget "Darts Checkout Calculator" */;
			buildPhases = (
				4DD18D2922C1923E0019D911 /* Sources */,
				4DD18D2A22C1923E0019D911 /* Frameworks */,
				4DD18D2B22C1923E0019D911 /* Resources */,
			);
			buildRules = (
			);
			dependencies = (
			);
			name = "Darts Checkout Calculator";
			productName = "Darts Checkout Calculator";
			productReference = 4DD18D2D22C1923E0019D911 /* Darts Checkout Calculator.app */;
			productType = "com.apple.product-type.application";
		};
/* End PBXNativeTarget section */

/* Begin PBXProject section */
		4DD18D2522C1923E0019D911 /* Project object */ = {
			isa = PBXProject;
			attributes = {
				LastSwiftUpdateCheck = 1020;
				LastUpgradeCheck = 1020;
				ORGANIZATIONNAME = "Mark Davis";
				TargetAttributes = {
					4DD18D2C22C1923E0019D911 = {
						CreatedOnToolsVersion = 10.2.1;
					};
				};
			};
			buildConfigurationList = 4DD18D2822C1923E0019D911 /* Build configuration list for PBXProject "Darts Checkout Calculator" */;
			compatibilityVersion = "Xcode 9.3";
			developmentRegion = en;
			hasScannedForEncodings = 0;
			knownRegions = (
				en,
				Base,
			);
			mainGroup = 4DD18D2422C1923E0019D911;
			productRefGroup = 4DD18D2E22C1923E0019D911 /* Products */;
			projectDirPath = "";
			projectRoot = "";
			targets = (
				4DD18D2C22C1923E0019D911 /* Darts Checkout Calculator */,
			);
		};
/* End PBXProject section */

/* Begin PBXResourcesBuildPhase section */
		4DD18D2B22C1923E0019D911 /* Resources */ = {
			isa = PBXResourcesBuildPhase;
			buildActionMask = 2147483647;
			files = (
				4DD18D3B22C192410019D911 /* LaunchScreen.storyboard in Resources */,
				4DD18D3822C192410019D911 /* Assets.xcassets in Resources */,
				4DD18D3622C1923E0019D911 /* Main.storyboard in Resources */,
				4D68B2BC22D2F34500033869 /* DartBoard.sks in Resources */,
			);
			runOnlyForDeploymentPostprocessing = 0;
		};
/* End PBXResourcesBuildPhase section */

/* Begin PBXSourcesBuildPhase section */
		4DD18D2922C1923E0019D911 /* Sources */ = {
			isa = PBXSourcesBuildPhase;
			buildActionMask = 2147483647;
			files = (
				4DB73F1422D14C85009C1FE1 /* SetupFunctions_Ext.swift in Sources */,
				4DD18D3322C1923E0019D911 /* ViewController.swift in Sources */,
				4D68B2BF22D2F43100033869 /* SpriteKitViewController.swift in Sources */,
				4DD18D3122C1923E0019D911 /* AppDelegate.swift in Sources */,
			);
			runOnlyForDeploymentPostprocessing = 0;
		};
/* End PBXSourcesBuildPhase section */

/* Begin PBXVariantGroup section */
		4DD18D3422C1923E0019D911 /* Main.storyboard */ = {
			isa = PBXVariantGroup;
			children = (
				4DD18D3522C1923E0019D911 /* Base */,
			);
			name = Main.storyboard;
			sourceTree = "<group>";
		};
		4DD18D3922C192410019D911 /* LaunchScreen.storyboard */ = {
			isa = PBXVariantGroup;
			children = (
				4DD18D3A22C192410019D911 /* Base */,
			);
			name = LaunchScreen.storyboard;
			sourceTree = "<group>";
		};
/* End PBXVariantGroup section */

/* Begin XCBuildConfiguration section */
		4DD18D3D22C192410019D911 /* Debug */ = {
			isa = XCBuildConfiguration;
			buildSettings = {
				ALWAYS_SEARCH_USER_PATHS = NO;
				CLANG_ANALYZER_NONNULL = YES;
				CLANG_ANALYZER_NUMBER_OBJECT_CONVERSION = YES_AGGRESSIVE;
				CLANG_CXX_LANGUAGE_STANDARD = "gnu++14";
				CLANG_CXX_LIBRARY = "libc++";
				CLANG_ENABLE_MODULES = YES;
				CLANG_ENABLE_OBJC_ARC = YES;
				CLANG_ENABLE_OBJC_WEAK = YES;
				CLANG_WARN_BLOCK_CAPTURE_AUTORELEASING = YES;
				CLANG_WARN_BOOL_CONVERSION = YES;
				CLANG_WARN_COMMA = YES;
				CLANG_WARN_CONSTANT_CONVERSION = YES;
				CLANG_WARN_DEPRECATED_OBJC_IMPLEMENTATIONS = YES;
				CLANG_WARN_DIRECT_OBJC_ISA_USAGE = YES_ERROR;
				CLANG_WARN_DOCUMENTATION_COMMENTS = YES;
				CLANG_WARN_EMPTY_BODY = YES;
				CLANG_WARN_ENUM_CONVERSION = YES;
				CLANG_WARN_INFINITE_RECURSION = YES;
				CLANG_WARN_INT_CONVERSION = YES;
				CLANG_WARN_NON_LITERAL_NULL_CONVERSION = YES;
				CLANG_WARN_OBJC_IMPLICIT_RETAIN_SELF = YES;
				CLANG_WARN_OBJC_LITERAL_CONVERSION = YES;
				CLANG_WARN_OBJC_ROOT_CLASS = YES_ERROR;
				CLANG_WARN_RANGE_LOOP_ANALYSIS = YES;
				CLANG_WARN_STRICT_PROTOTYPES = YES;
				CLANG_WARN_SUSPICIOUS_MOVE = YES;
				CLANG_WARN_UNGUARDED_AVAILABILITY = YES_AGGRESSIVE;
				CLANG_WARN_UNREACHABLE_CODE = YES;
				CLANG_WARN__DUPLICATE_METHOD_MATCH = YES;
				CODE_SIGN_IDENTITY = "iPhone Developer";
				COPY_PHASE_STRIP = NO;
				DEBUG_INFORMATION_FORMAT = dwarf;
				ENABLE_STRICT_OBJC_MSGSEND = YES;
				ENABLE_TESTABILITY = YES;
				GCC_C_LANGUAGE_STANDARD = gnu11;
				GCC_DYNAMIC_NO_PIC = NO;
				GCC_NO_COMMON_BLOCKS = YES;
				GCC_OPTIMIZATION_LEVEL = 0;
				GCC_PREPROCESSOR_DEFINITIONS = (
					"DEBUG=1",
					"$(inherited)",
				);
				GCC_WARN_64_TO_32_BIT_CONVERSION = YES;
				GCC_WARN_ABOUT_RETURN_TYPE = YES_ERROR;
				GCC_WARN_UNDECLARED_SELECTOR = YES;
				GCC_WARN_UNINITIALIZED_AUTOS = YES_AGGRESSIVE;
				GCC_WARN_UNUSED_FUNCTION = YES;
				GCC_WARN_UNUSED_VARIABLE = YES;
				IPHONEOS_DEPLOYMENT_TARGET = 12.2;
				MTL_ENABLE_DEBUG_INFO = INCLUDE_SOURCE;
				MTL_FAST_MATH = YES;
				ONLY_ACTIVE_ARCH = YES;
				SDKROOT = iphoneos;
				SWIFT_ACTIVE_COMPILATION_CONDITIONS = DEBUG;
				SWIFT_OPTIMIZATION_LEVEL = "-Onone";
			};
			name = Debug;
		};
		4DD18D3E22C192410019D911 /* Release */ = {
			isa = XCBuildConfiguration;
			buildSettings = {
				ALWAYS_SEARCH_USER_PATHS = NO;
				CLANG_ANALYZER_NONNULL = YES;
				CLANG_ANALYZER_NUMBER_OBJECT_CONVERSION = YES_AGGRESSIVE;
				CLANG_CXX_LANGUAGE_STANDARD = "gnu++14";
				CLANG_CXX_LIBRARY = "libc++";
				CLANG_ENABLE_MODULES = YES;
				CLANG_ENABLE_OBJC_ARC = YES;
				CLANG_ENABLE_OBJC_WEAK = YES;
				CLANG_WARN_BLOCK_CAPTURE_AUTORELEASING = YES;
				CLANG_WARN_BOOL_CONVERSION = YES;
				CLANG_WARN_COMMA = YES;
				CLANG_WARN_CONSTANT_CONVERSION = YES;
				CLANG_WARN_DEPRECATED_OBJC_IMPLEMENTATIONS = YES;
				CLANG_WARN_DIRECT_OBJC_ISA_USAGE = YES_ERROR;
				CLANG_WARN_DOCUMENTATION_COMMENTS = YES;
				CLANG_WARN_EMPTY_BODY = YES;
				CLANG_WARN_ENUM_CONVERSION = YES;
				CLANG_WARN_INFINITE_RECURSION = YES;
				CLANG_WARN_INT_CONVERSION = YES;
				CLANG_WARN_NON_LITERAL_NULL_CONVERSION = YES;
				CLANG_WARN_OBJC_IMPLICIT_RETAIN_SELF = YES;
				CLANG_WARN_OBJC_LITERAL_CONVERSION = YES;
				CLANG_WARN_OBJC_ROOT_CLASS = YES_ERROR;
				CLANG_WARN_RANGE_LOOP_ANALYSIS = YES;
				CLANG_WARN_STRICT_PROTOTYPES = YES;
				CLANG_WARN_SUSPICIOUS_MOVE = YES;
				CLANG_WARN_UNGUARDED_AVAILABILITY = YES_AGGRESSIVE;
				CLANG_WARN_UNREACHABLE_CODE = YES;
				CLANG_WARN__DUPLICATE_METHOD_MATCH = YES;
				CODE_SIGN_IDENTITY = "iPhone Developer";
				COPY_PHASE_STRIP = NO;
				DEBUG_INFORMATION_FORMAT = "dwarf-with-dsym";
				ENABLE_NS_ASSERTIONS = NO;
				ENABLE_STRICT_OBJC_MSGSEND = YES;
				GCC_C_LANGUAGE_STANDARD = gnu11;
				GCC_NO_COMMON_BLOCKS = YES;
				GCC_WARN_64_TO_32_BIT_CONVERSION = YES;
				GCC_WARN_ABOUT_RETURN_TYPE = YES_ERROR;
				GCC_WARN_UNDECLARED_SELECTOR = YES;
				GCC_WARN_UNINITIALIZED_AUTOS = YES_AGGRESSIVE;
				GCC_WARN_UNUSED_FUNCTION = YES;
				GCC_WARN_UNUSED_VARIABLE = YES;
				IPHONEOS_DEPLOYMENT_TARGET = 12.2;
				MTL_ENABLE_DEBUG_INFO = NO;
				MTL_FAST_MATH = YES;
				SDKROOT = iphoneos;
				SWIFT_COMPILATION_MODE = wholemodule;
				SWIFT_OPTIMIZATION_LEVEL = "-O";
				VALIDATE_PRODUCT = YES;
			};
			name = Release;
		};
		4DD18D4022C192410019D911 /* Debug */ = {
			isa = XCBuildConfiguration;
			buildSettings = {
				ASSETCATALOG_COMPILER_APPICON_NAME = AppIcon;
				CODE_SIGN_STYLE = Automatic;
				DEVELOPMENT_TEAM = 8AB8Q7N9TL;
				INFOPLIST_FILE = "Darts Checkout Calculator/Info.plist";
				LD_RUNPATH_SEARCH_PATHS = (
					"$(inherited)",
					"@executable_path/Frameworks",
				);
				PRODUCT_BUNDLE_IDENTIFIER = "com.TekKnowledge.Darts-Checkout-Calculator";
				PRODUCT_NAME = "$(TARGET_NAME)";
				SWIFT_VERSION = 5.0;
				TARGETED_DEVICE_FAMILY = "1,2";
			};
			name = Debug;
		};
		4DD18D4122C192410019D911 /* Release */ = {
			isa = XCBuildConfiguration;
			buildSettings = {
				ASSETCATALOG_COMPILER_APPICON_NAME = AppIcon;
				CODE_SIGN_STYLE = Automatic;
				DEVELOPMENT_TEAM = 8AB8Q7N9TL;
				INFOPLIST_FILE = "Darts Checkout Calculator/Info.plist";
				LD_RUNPATH_SEARCH_PATHS = (
					"$(inherited)",
					"@executable_path/Frameworks",
				);
				PRODUCT_BUNDLE_IDENTIFIER = "com.TekKnowledge.Darts-Checkout-Calculator";
				PRODUCT_NAME = "$(TARGET_NAME)";
				SWIFT_VERSION = 5.0;
				TARGETED_DEVICE_FAMILY = "1,2";
			};
			name = Release;
		};
/* End XCBuildConfiguration section */

/* Begin XCConfigurationList section */
		4DD18D2822C1923E0019D911 /* Build configuration list for PBXProject "Darts Checkout Calculator" */ = {
			isa = XCConfigurationList;
			buildConfigurations = (
				4DD18D3D22C192410019D911 /* Debug */,
				4DD18D3E22C192410019D911 /* Release */,
			);
			defaultConfigurationIsVisible = 0;
			defaultConfigurationName = Release;
		};
		4DD18D3F22C192410019D911 /* Build configuration list for PBXNativeTarget "Darts Checkout Calculator" */ = {
			isa = XCConfigurationList;
			buildConfigurations = (
				4DD18D4022C192410019D911 /* Debug */,
				4DD18D4122C192410019D911 /* Release */,
			);
			defaultConfigurationIsVisible = 0;
			defaultConfigurationName = Release;
		};
/* End XCConfigurationList section */
	};
	rootObject = 4DD18D2522C1923E0019D911 /* Project object */;
}
